// !$*UTF8*$!
{
	archiveVersion = 1;
	classes = {
	};
	objectVersion = 56;
	objects = {

/* Begin PBXBuildFile section */
		CC0067462ABB4CE600AAA1B2 /* DetailsView.swift in Sources */ = {isa = PBXBuildFile; fileRef = CC0067452ABB4CE600AAA1B2 /* DetailsView.swift */; };
		CC0622F12AC305EC0032A254 /* (null) in Sources */ = {isa = PBXBuildFile; };
		CC0622F42AC308040032A254 /* DataModels.swift in Sources */ = {isa = PBXBuildFile; fileRef = CC0622F32AC308040032A254 /* DataModels.swift */; };
		CC2991AE2ABDC79E00283DCE /* EditView.swift in Sources */ = {isa = PBXBuildFile; fileRef = CC2991AD2ABDC79E00283DCE /* EditView.swift */; };
		CC2991B02ABDE63200283DCE /* WidgetView.swift in Sources */ = {isa = PBXBuildFile; fileRef = CC2991AF2ABDE63200283DCE /* WidgetView.swift */; };
		CC32991C2AB0C66800B13A6C /* MotivatorApp.swift in Sources */ = {isa = PBXBuildFile; fileRef = CC32991B2AB0C66800B13A6C /* MotivatorApp.swift */; };
		CC32991E2AB0C66800B13A6C /* ContentView.swift in Sources */ = {isa = PBXBuildFile; fileRef = CC32991D2AB0C66800B13A6C /* ContentView.swift */; };
		CC3299202AB0C66A00B13A6C /* Assets.xcassets in Resources */ = {isa = PBXBuildFile; fileRef = CC32991F2AB0C66A00B13A6C /* Assets.xcassets */; };
		CC3299232AB0C66A00B13A6C /* Preview Assets.xcassets in Resources */ = {isa = PBXBuildFile; fileRef = CC3299222AB0C66A00B13A6C /* Preview Assets.xcassets */; };
		CC4529CE2AC0E9A600DA588F /* WidgetViewModel.swift in Sources */ = {isa = PBXBuildFile; fileRef = CC4529CD2AC0E9A600DA588F /* WidgetViewModel.swift */; };
		CC590EDD2AB10B1500B237DB /* ProgressTabView.swift in Sources */ = {isa = PBXBuildFile; fileRef = CC590EDC2AB10B1500B237DB /* ProgressTabView.swift */; };
		CC590EDF2AB114AB00B237DB /* TodayView.swift in Sources */ = {isa = PBXBuildFile; fileRef = CC590EDE2AB114AA00B237DB /* TodayView.swift */; };
		CCACB3382AB88F9D00B6C00A /* SettingsView.swift in Sources */ = {isa = PBXBuildFile; fileRef = CCACB3372AB88F9D00B6C00A /* SettingsView.swift */; };
		CCC0DF212AD605B30094BD72 /* IncreaseCountIntent.swift in Sources */ = {isa = PBXBuildFile; fileRef = CCC0DF202AD605B30094BD72 /* IncreaseCountIntent.swift */; };
		CCC0DF222AD605BF0094BD72 /* IncreaseCountIntent.swift in Sources */ = {isa = PBXBuildFile; fileRef = CCC0DF202AD605B30094BD72 /* IncreaseCountIntent.swift */; };
		CCD08D422AB8D3C500D3C940 /* WidgetKit.framework in Frameworks */ = {isa = PBXBuildFile; fileRef = CC590EE62AB116D300B237DB /* WidgetKit.framework */; };
		CCD08D432AB8D3C500D3C940 /* SwiftUI.framework in Frameworks */ = {isa = PBXBuildFile; fileRef = CC590EE82AB116D300B237DB /* SwiftUI.framework */; };
		CCD08D462AB8D3C500D3C940 /* PushUpsWidgetBundle.swift in Sources */ = {isa = PBXBuildFile; fileRef = CCD08D452AB8D3C500D3C940 /* PushUpsWidgetBundle.swift */; };
		CCD08D482AB8D3C500D3C940 /* PushUpsWidgetLiveActivity.swift in Sources */ = {isa = PBXBuildFile; fileRef = CCD08D472AB8D3C500D3C940 /* PushUpsWidgetLiveActivity.swift */; };
		CCD08D4A2AB8D3C500D3C940 /* PushUpsWidget.swift in Sources */ = {isa = PBXBuildFile; fileRef = CCD08D492AB8D3C500D3C940 /* PushUpsWidget.swift */; };
		CCD08D4C2AB8D3C500D3C940 /* AppIntent.swift in Sources */ = {isa = PBXBuildFile; fileRef = CCD08D4B2AB8D3C500D3C940 /* AppIntent.swift */; };
		CCD08D4E2AB8D3C700D3C940 /* Assets.xcassets in Resources */ = {isa = PBXBuildFile; fileRef = CCD08D4D2AB8D3C700D3C940 /* Assets.xcassets */; };
		CCD08D522AB8D3C700D3C940 /* PushUpsWidgetExtension.appex in Embed Foundation Extensions */ = {isa = PBXBuildFile; fileRef = CCD08D412AB8D3C500D3C940 /* PushUpsWidgetExtension.appex */; settings = {ATTRIBUTES = (RemoveHeadersOnCopy, ); }; };
		CCF3F21E2ACAD00800DB8ED7 /* WidgetViewModel.swift in Sources */ = {isa = PBXBuildFile; fileRef = CC4529CD2AC0E9A600DA588F /* WidgetViewModel.swift */; };
/* End PBXBuildFile section */

/* Begin PBXContainerItemProxy section */
		CCD08D502AB8D3C700D3C940 /* PBXContainerItemProxy */ = {
			isa = PBXContainerItemProxy;
			containerPortal = CC3299102AB0C66800B13A6C /* Project object */;
			proxyType = 1;
			remoteGlobalIDString = CCD08D402AB8D3C500D3C940;
			remoteInfo = PushUpsWidgetExtension;
		};
/* End PBXContainerItemProxy section */

/* Begin PBXCopyFilesBuildPhase section */
		CC590EFD2AB116D500B237DB /* Embed Foundation Extensions */ = {
			isa = PBXCopyFilesBuildPhase;
			buildActionMask = 2147483647;
			dstPath = "";
			dstSubfolderSpec = 13;
			files = (
				CCD08D522AB8D3C700D3C940 /* PushUpsWidgetExtension.appex in Embed Foundation Extensions */,
			);
			name = "Embed Foundation Extensions";
			runOnlyForDeploymentPostprocessing = 0;
		};
/* End PBXCopyFilesBuildPhase section */

/* Begin PBXFileReference section */
		CC0067452ABB4CE600AAA1B2 /* DetailsView.swift */ = {isa = PBXFileReference; lastKnownFileType = sourcecode.swift; path = DetailsView.swift; sourceTree = "<group>"; };
		CC0622F32AC308040032A254 /* DataModels.swift */ = {isa = PBXFileReference; fileEncoding = 4; lastKnownFileType = sourcecode.swift; name = DataModels.swift; path = Motivator/Data/DataModels.swift; sourceTree = "<group>"; };
		CC143A732AD5CD710002BD3B /* Motivator.entitlements */ = {isa = PBXFileReference; lastKnownFileType = text.plist.entitlements; path = Motivator.entitlements; sourceTree = "<group>"; };
		CC143A742AD5CE4B0002BD3B /* PushUpsWidgetExtension.entitlements */ = {isa = PBXFileReference; lastKnownFileType = text.plist.entitlements; path = PushUpsWidgetExtension.entitlements; sourceTree = "<group>"; };
		CC2991AD2ABDC79E00283DCE /* EditView.swift */ = {isa = PBXFileReference; lastKnownFileType = sourcecode.swift; path = EditView.swift; sourceTree = "<group>"; };
		CC2991AF2ABDE63200283DCE /* WidgetView.swift */ = {isa = PBXFileReference; lastKnownFileType = sourcecode.swift; path = WidgetView.swift; sourceTree = "<group>"; };
		CC3299182AB0C66800B13A6C /* Motivator.app */ = {isa = PBXFileReference; explicitFileType = wrapper.application; includeInIndex = 0; path = Motivator.app; sourceTree = BUILT_PRODUCTS_DIR; };
		CC32991B2AB0C66800B13A6C /* MotivatorApp.swift */ = {isa = PBXFileReference; lastKnownFileType = sourcecode.swift; path = MotivatorApp.swift; sourceTree = "<group>"; };
		CC32991D2AB0C66800B13A6C /* ContentView.swift */ = {isa = PBXFileReference; lastKnownFileType = sourcecode.swift; path = ContentView.swift; sourceTree = "<group>"; };
		CC32991F2AB0C66A00B13A6C /* Assets.xcassets */ = {isa = PBXFileReference; lastKnownFileType = folder.assetcatalog; path = Assets.xcassets; sourceTree = "<group>"; };
		CC3299222AB0C66A00B13A6C /* Preview Assets.xcassets */ = {isa = PBXFileReference; lastKnownFileType = folder.assetcatalog; path = "Preview Assets.xcassets"; sourceTree = "<group>"; };
		CC4529CD2AC0E9A600DA588F /* WidgetViewModel.swift */ = {isa = PBXFileReference; lastKnownFileType = sourcecode.swift; path = WidgetViewModel.swift; sourceTree = "<group>"; };
		CC590EDC2AB10B1500B237DB /* ProgressTabView.swift */ = {isa = PBXFileReference; lastKnownFileType = sourcecode.swift; path = ProgressTabView.swift; sourceTree = "<group>"; };
		CC590EDE2AB114AA00B237DB /* TodayView.swift */ = {isa = PBXFileReference; lastKnownFileType = sourcecode.swift; path = TodayView.swift; sourceTree = "<group>"; };
		CC590EE62AB116D300B237DB /* WidgetKit.framework */ = {isa = PBXFileReference; lastKnownFileType = wrapper.framework; name = WidgetKit.framework; path = System/Library/Frameworks/WidgetKit.framework; sourceTree = SDKROOT; };
		CC590EE82AB116D300B237DB /* SwiftUI.framework */ = {isa = PBXFileReference; lastKnownFileType = wrapper.framework; name = SwiftUI.framework; path = System/Library/Frameworks/SwiftUI.framework; sourceTree = SDKROOT; };
		CCACB3372AB88F9D00B6C00A /* SettingsView.swift */ = {isa = PBXFileReference; lastKnownFileType = sourcecode.swift; path = SettingsView.swift; sourceTree = "<group>"; };
		CCC0DF202AD605B30094BD72 /* IncreaseCountIntent.swift */ = {isa = PBXFileReference; lastKnownFileType = sourcecode.swift; path = IncreaseCountIntent.swift; sourceTree = "<group>"; };
		CCD08D412AB8D3C500D3C940 /* PushUpsWidgetExtension.appex */ = {isa = PBXFileReference; explicitFileType = "wrapper.app-extension"; includeInIndex = 0; path = PushUpsWidgetExtension.appex; sourceTree = BUILT_PRODUCTS_DIR; };
		CCD08D452AB8D3C500D3C940 /* PushUpsWidgetBundle.swift */ = {isa = PBXFileReference; lastKnownFileType = sourcecode.swift; path = PushUpsWidgetBundle.swift; sourceTree = "<group>"; };
		CCD08D472AB8D3C500D3C940 /* PushUpsWidgetLiveActivity.swift */ = {isa = PBXFileReference; lastKnownFileType = sourcecode.swift; path = PushUpsWidgetLiveActivity.swift; sourceTree = "<group>"; };
		CCD08D492AB8D3C500D3C940 /* PushUpsWidget.swift */ = {isa = PBXFileReference; lastKnownFileType = sourcecode.swift; path = PushUpsWidget.swift; sourceTree = "<group>"; };
		CCD08D4B2AB8D3C500D3C940 /* AppIntent.swift */ = {isa = PBXFileReference; lastKnownFileType = sourcecode.swift; path = AppIntent.swift; sourceTree = "<group>"; };
		CCD08D4D2AB8D3C700D3C940 /* Assets.xcassets */ = {isa = PBXFileReference; lastKnownFileType = folder.assetcatalog; path = Assets.xcassets; sourceTree = "<group>"; };
		CCD08D4F2AB8D3C700D3C940 /* Info.plist */ = {isa = PBXFileReference; lastKnownFileType = text.plist.xml; path = Info.plist; sourceTree = "<group>"; };
/* End PBXFileReference section */

/* Begin PBXFrameworksBuildPhase section */
		CC3299152AB0C66800B13A6C /* Frameworks */ = {
			isa = PBXFrameworksBuildPhase;
			buildActionMask = 2147483647;
			files = (
			);
			runOnlyForDeploymentPostprocessing = 0;
		};
		CCD08D3E2AB8D3C500D3C940 /* Frameworks */ = {
			isa = PBXFrameworksBuildPhase;
			buildActionMask = 2147483647;
			files = (
				CCD08D432AB8D3C500D3C940 /* SwiftUI.framework in Frameworks */,
				CCD08D422AB8D3C500D3C940 /* WidgetKit.framework in Frameworks */,
			);
			runOnlyForDeploymentPostprocessing = 0;
		};
/* End PBXFrameworksBuildPhase section */

/* Begin PBXGroup section */
		CC32990F2AB0C66800B13A6C = {
			isa = PBXGroup;
			children = (
				CC143A742AD5CE4B0002BD3B /* PushUpsWidgetExtension.entitlements */,
				CC0622F32AC308040032A254 /* DataModels.swift */,
				CC32991A2AB0C66800B13A6C /* Motivator */,
				CCD08D442AB8D3C500D3C940 /* PushUpsWidget */,
				CC590EE52AB116D300B237DB /* Frameworks */,
				CC3299192AB0C66800B13A6C /* Products */,
			);
			sourceTree = "<group>";
		};
		CC3299192AB0C66800B13A6C /* Products */ = {
			isa = PBXGroup;
			children = (
				CC3299182AB0C66800B13A6C /* Motivator.app */,
				CCD08D412AB8D3C500D3C940 /* PushUpsWidgetExtension.appex */,
			);
			name = Products;
			sourceTree = "<group>";
		};
		CC32991A2AB0C66800B13A6C /* Motivator */ = {
			isa = PBXGroup;
			children = (
				CC143A732AD5CD710002BD3B /* Motivator.entitlements */,
				CC32991B2AB0C66800B13A6C /* MotivatorApp.swift */,
				CC32991D2AB0C66800B13A6C /* ContentView.swift */,
				CC32991F2AB0C66A00B13A6C /* Assets.xcassets */,
				CC3299212AB0C66A00B13A6C /* Preview Content */,
				CC590EDC2AB10B1500B237DB /* ProgressTabView.swift */,
				CC590EDE2AB114AA00B237DB /* TodayView.swift */,
				CCACB3372AB88F9D00B6C00A /* SettingsView.swift */,
				CC0067452ABB4CE600AAA1B2 /* DetailsView.swift */,
				CC2991AD2ABDC79E00283DCE /* EditView.swift */,
				CC2991AF2ABDE63200283DCE /* WidgetView.swift */,
				CC4529CD2AC0E9A600DA588F /* WidgetViewModel.swift */,
			);
			path = Motivator;
			sourceTree = "<group>";
		};
		CC3299212AB0C66A00B13A6C /* Preview Content */ = {
			isa = PBXGroup;
			children = (
				CC3299222AB0C66A00B13A6C /* Preview Assets.xcassets */,
			);
			path = "Preview Content";
			sourceTree = "<group>";
		};
		CC590EE52AB116D300B237DB /* Frameworks */ = {
			isa = PBXGroup;
			children = (
				CC590EE62AB116D300B237DB /* WidgetKit.framework */,
				CC590EE82AB116D300B237DB /* SwiftUI.framework */,
			);
			name = Frameworks;
			sourceTree = "<group>";
		};
		CCD08D442AB8D3C500D3C940 /* PushUpsWidget */ = {
			isa = PBXGroup;
			children = (
				CCD08D452AB8D3C500D3C940 /* PushUpsWidgetBundle.swift */,
				CCD08D472AB8D3C500D3C940 /* PushUpsWidgetLiveActivity.swift */,
				CCD08D492AB8D3C500D3C940 /* PushUpsWidget.swift */,
				CCD08D4B2AB8D3C500D3C940 /* AppIntent.swift */,
				CCD08D4D2AB8D3C700D3C940 /* Assets.xcassets */,
				CCD08D4F2AB8D3C700D3C940 /* Info.plist */,
				CCC0DF202AD605B30094BD72 /* IncreaseCountIntent.swift */,
			);
			path = PushUpsWidget;
			sourceTree = "<group>";
		};
/* End PBXGroup section */

/* Begin PBXNativeTarget section */
		CC3299172AB0C66800B13A6C /* Motivator */ = {
			isa = PBXNativeTarget;
			buildConfigurationList = CC3299262AB0C66A00B13A6C /* Build configuration list for PBXNativeTarget "Motivator" */;
			buildPhases = (
				CC3299142AB0C66800B13A6C /* Sources */,
				CC3299152AB0C66800B13A6C /* Frameworks */,
				CC3299162AB0C66800B13A6C /* Resources */,
				CC590EFD2AB116D500B237DB /* Embed Foundation Extensions */,
			);
			buildRules = (
			);
			dependencies = (
				CCD08D512AB8D3C700D3C940 /* PBXTargetDependency */,
			);
			name = Motivator;
			productName = Motivator;
			productReference = CC3299182AB0C66800B13A6C /* Motivator.app */;
			productType = "com.apple.product-type.application";
		};
		CCD08D402AB8D3C500D3C940 /* PushUpsWidgetExtension */ = {
			isa = PBXNativeTarget;
			buildConfigurationList = CCD08D552AB8D3C700D3C940 /* Build configuration list for PBXNativeTarget "PushUpsWidgetExtension" */;
			buildPhases = (
				CCD08D3D2AB8D3C500D3C940 /* Sources */,
				CCD08D3E2AB8D3C500D3C940 /* Frameworks */,
				CCD08D3F2AB8D3C500D3C940 /* Resources */,
			);
			buildRules = (
			);
			dependencies = (
			);
			name = PushUpsWidgetExtension;
			productName = PushUpsWidgetExtension;
			productReference = CCD08D412AB8D3C500D3C940 /* PushUpsWidgetExtension.appex */;
			productType = "com.apple.product-type.app-extension";
		};
/* End PBXNativeTarget section */

/* Begin PBXProject section */
		CC3299102AB0C66800B13A6C /* Project object */ = {
			isa = PBXProject;
			attributes = {
				BuildIndependentTargetsInParallel = 1;
				LastSwiftUpdateCheck = 1500;
				LastUpgradeCheck = 1430;
				TargetAttributes = {
					CC3299172AB0C66800B13A6C = {
						CreatedOnToolsVersion = 14.3;
					};
					CCD08D402AB8D3C500D3C940 = {
						CreatedOnToolsVersion = 15.0;
					};
				};
			};
			buildConfigurationList = CC3299132AB0C66800B13A6C /* Build configuration list for PBXProject "Motivator" */;
			compatibilityVersion = "Xcode 14.0";
			developmentRegion = en;
			hasScannedForEncodings = 0;
			knownRegions = (
				en,
				Base,
			);
			mainGroup = CC32990F2AB0C66800B13A6C;
			productRefGroup = CC3299192AB0C66800B13A6C /* Products */;
			projectDirPath = "";
			projectRoot = "";
			targets = (
				CC3299172AB0C66800B13A6C /* Motivator */,
				CCD08D402AB8D3C500D3C940 /* PushUpsWidgetExtension */,
			);
		};
/* End PBXProject section */

/* Begin PBXResourcesBuildPhase section */
		CC3299162AB0C66800B13A6C /* Resources */ = {
			isa = PBXResourcesBuildPhase;
			buildActionMask = 2147483647;
			files = (
				CC3299232AB0C66A00B13A6C /* Preview Assets.xcassets in Resources */,
				CC3299202AB0C66A00B13A6C /* Assets.xcassets in Resources */,
			);
			runOnlyForDeploymentPostprocessing = 0;
		};
		CCD08D3F2AB8D3C500D3C940 /* Resources */ = {
			isa = PBXResourcesBuildPhase;
			buildActionMask = 2147483647;
			files = (
				CCD08D4E2AB8D3C700D3C940 /* Assets.xcassets in Resources */,
			);
			runOnlyForDeploymentPostprocessing = 0;
		};
/* End PBXResourcesBuildPhase section */

/* Begin PBXSourcesBuildPhase section */
		CC3299142AB0C66800B13A6C /* Sources */ = {
			isa = PBXSourcesBuildPhase;
			buildActionMask = 2147483647;
			files = (
				CCACB3382AB88F9D00B6C00A /* SettingsView.swift in Sources */,
				CC32991E2AB0C66800B13A6C /* ContentView.swift in Sources */,
				CC0622F42AC308040032A254 /* DataModels.swift in Sources */,
				CC2991B02ABDE63200283DCE /* WidgetView.swift in Sources */,
				CC4529CE2AC0E9A600DA588F /* WidgetViewModel.swift in Sources */,
				CCC0DF212AD605B30094BD72 /* IncreaseCountIntent.swift in Sources */,
				CC0067462ABB4CE600AAA1B2 /* DetailsView.swift in Sources */,
				CC590EDD2AB10B1500B237DB /* ProgressTabView.swift in Sources */,
				CC2991AE2ABDC79E00283DCE /* EditView.swift in Sources */,
				CC0622F12AC305EC0032A254 /* (null) in Sources */,
				CC590EDF2AB114AB00B237DB /* TodayView.swift in Sources */,
				CC32991C2AB0C66800B13A6C /* MotivatorApp.swift in Sources */,
			);
			runOnlyForDeploymentPostprocessing = 0;
		};
		CCD08D3D2AB8D3C500D3C940 /* Sources */ = {
			isa = PBXSourcesBuildPhase;
			buildActionMask = 2147483647;
			files = (
				CCF3F21E2ACAD00800DB8ED7 /* WidgetViewModel.swift in Sources */,
				CCD08D462AB8D3C500D3C940 /* PushUpsWidgetBundle.swift in Sources */,
				CCD08D4C2AB8D3C500D3C940 /* AppIntent.swift in Sources */,
				CCD08D482AB8D3C500D3C940 /* PushUpsWidgetLiveActivity.swift in Sources */,
				CCD08D4A2AB8D3C500D3C940 /* PushUpsWidget.swift in Sources */,
				CCC0DF222AD605BF0094BD72 /* IncreaseCountIntent.swift in Sources */,
			);
			runOnlyForDeploymentPostprocessing = 0;
		};
/* End PBXSourcesBuildPhase section */

/* Begin PBXTargetDependency section */
		CCD08D512AB8D3C700D3C940 /* PBXTargetDependency */ = {
			isa = PBXTargetDependency;
			target = CCD08D402AB8D3C500D3C940 /* PushUpsWidgetExtension */;
			targetProxy = CCD08D502AB8D3C700D3C940 /* PBXContainerItemProxy */;
		};
/* End PBXTargetDependency section */

/* Begin XCBuildConfiguration section */
		CC3299242AB0C66A00B13A6C /* Debug */ = {
			isa = XCBuildConfiguration;
			buildSettings = {
				ALWAYS_SEARCH_USER_PATHS = NO;
				CLANG_ANALYZER_NONNULL = YES;
				CLANG_ANALYZER_NUMBER_OBJECT_CONVERSION = YES_AGGRESSIVE;
				CLANG_CXX_LANGUAGE_STANDARD = "gnu++20";
				CLANG_ENABLE_MODULES = YES;
				CLANG_ENABLE_OBJC_ARC = YES;
				CLANG_ENABLE_OBJC_WEAK = YES;
				CLANG_WARN_BLOCK_CAPTURE_AUTORELEASING = YES;
				CLANG_WARN_BOOL_CONVERSION = YES;
				CLANG_WARN_COMMA = YES;
				CLANG_WARN_CONSTANT_CONVERSION = YES;
				CLANG_WARN_DEPRECATED_OBJC_IMPLEMENTATIONS = YES;
				CLANG_WARN_DIRECT_OBJC_ISA_USAGE = YES_ERROR;
				CLANG_WARN_DOCUMENTATION_COMMENTS = YES;
				CLANG_WARN_EMPTY_BODY = YES;
				CLANG_WARN_ENUM_CONVERSION = YES;
				CLANG_WARN_INFINITE_RECURSION = YES;
				CLANG_WARN_INT_CONVERSION = YES;
				CLANG_WARN_NON_LITERAL_NULL_CONVERSION = YES;
				CLANG_WARN_OBJC_IMPLICIT_RETAIN_SELF = YES;
				CLANG_WARN_OBJC_LITERAL_CONVERSION = YES;
				CLANG_WARN_OBJC_ROOT_CLASS = YES_ERROR;
				CLANG_WARN_QUOTED_INCLUDE_IN_FRAMEWORK_HEADER = YES;
				CLANG_WARN_RANGE_LOOP_ANALYSIS = YES;
				CLANG_WARN_STRICT_PROTOTYPES = YES;
				CLANG_WARN_SUSPICIOUS_MOVE = YES;
				CLANG_WARN_UNGUARDED_AVAILABILITY = YES_AGGRESSIVE;
				CLANG_WARN_UNREACHABLE_CODE = YES;
				CLANG_WARN__DUPLICATE_METHOD_MATCH = YES;
				COPY_PHASE_STRIP = NO;
				DEBUG_INFORMATION_FORMAT = dwarf;
				ENABLE_STRICT_OBJC_MSGSEND = YES;
				ENABLE_TESTABILITY = YES;
				GCC_C_LANGUAGE_STANDARD = gnu11;
				GCC_DYNAMIC_NO_PIC = NO;
				GCC_NO_COMMON_BLOCKS = YES;
				GCC_OPTIMIZATION_LEVEL = 0;
				GCC_PREPROCESSOR_DEFINITIONS = (
					"DEBUG=1",
					"$(inherited)",
				);
				GCC_WARN_64_TO_32_BIT_CONVERSION = YES;
				GCC_WARN_ABOUT_RETURN_TYPE = YES_ERROR;
				GCC_WARN_UNDECLARED_SELECTOR = YES;
				GCC_WARN_UNINITIALIZED_AUTOS = YES_AGGRESSIVE;
				GCC_WARN_UNUSED_FUNCTION = YES;
				GCC_WARN_UNUSED_VARIABLE = YES;
				IPHONEOS_DEPLOYMENT_TARGET = 16.4;
				MTL_ENABLE_DEBUG_INFO = INCLUDE_SOURCE;
				MTL_FAST_MATH = YES;
				ONLY_ACTIVE_ARCH = YES;
				SDKROOT = iphoneos;
				SWIFT_ACTIVE_COMPILATION_CONDITIONS = DEBUG;
				SWIFT_OPTIMIZATION_LEVEL = "-Onone";
			};
			name = Debug;
		};
		CC3299252AB0C66A00B13A6C /* Release */ = {
			isa = XCBuildConfiguration;
			buildSettings = {
				ALWAYS_SEARCH_USER_PATHS = NO;
				CLANG_ANALYZER_NONNULL = YES;
				CLANG_ANALYZER_NUMBER_OBJECT_CONVERSION = YES_AGGRESSIVE;
				CLANG_CXX_LANGUAGE_STANDARD = "gnu++20";
				CLANG_ENABLE_MODULES = YES;
				CLANG_ENABLE_OBJC_ARC = YES;
				CLANG_ENABLE_OBJC_WEAK = YES;
				CLANG_WARN_BLOCK_CAPTURE_AUTORELEASING = YES;
				CLANG_WARN_BOOL_CONVERSION = YES;
				CLANG_WARN_COMMA = YES;
				CLANG_WARN_CONSTANT_CONVERSION = YES;
				CLANG_WARN_DEPRECATED_OBJC_IMPLEMENTATIONS = YES;
				CLANG_WARN_DIRECT_OBJC_ISA_USAGE = YES_ERROR;
				CLANG_WARN_DOCUMENTATION_COMMENTS = YES;
				CLANG_WARN_EMPTY_BODY = YES;
				CLANG_WARN_ENUM_CONVERSION = YES;
				CLANG_WARN_INFINITE_RECURSION = YES;
				CLANG_WARN_INT_CONVERSION = YES;
				CLANG_WARN_NON_LITERAL_NULL_CONVERSION = YES;
				CLANG_WARN_OBJC_IMPLICIT_RETAIN_SELF = YES;
				CLANG_WARN_OBJC_LITERAL_CONVERSION = YES;
				CLANG_WARN_OBJC_ROOT_CLASS = YES_ERROR;
				CLANG_WARN_QUOTED_INCLUDE_IN_FRAMEWORK_HEADER = YES;
				CLANG_WARN_RANGE_LOOP_ANALYSIS = YES;
				CLANG_WARN_STRICT_PROTOTYPES = YES;
				CLANG_WARN_SUSPICIOUS_MOVE = YES;
				CLANG_WARN_UNGUARDED_AVAILABILITY = YES_AGGRESSIVE;
				CLANG_WARN_UNREACHABLE_CODE = YES;
				CLANG_WARN__DUPLICATE_METHOD_MATCH = YES;
				COPY_PHASE_STRIP = NO;
				DEBUG_INFORMATION_FORMAT = "dwarf-with-dsym";
				ENABLE_NS_ASSERTIONS = NO;
				ENABLE_STRICT_OBJC_MSGSEND = YES;
				GCC_C_LANGUAGE_STANDARD = gnu11;
				GCC_NO_COMMON_BLOCKS = YES;
				GCC_WARN_64_TO_32_BIT_CONVERSION = YES;
				GCC_WARN_ABOUT_RETURN_TYPE = YES_ERROR;
				GCC_WARN_UNDECLARED_SELECTOR = YES;
				GCC_WARN_UNINITIALIZED_AUTOS = YES_AGGRESSIVE;
				GCC_WARN_UNUSED_FUNCTION = YES;
				GCC_WARN_UNUSED_VARIABLE = YES;
				IPHONEOS_DEPLOYMENT_TARGET = 16.4;
				MTL_ENABLE_DEBUG_INFO = NO;
				MTL_FAST_MATH = YES;
				SDKROOT = iphoneos;
				SWIFT_COMPILATION_MODE = wholemodule;
				SWIFT_OPTIMIZATION_LEVEL = "-O";
				VALIDATE_PRODUCT = YES;
			};
			name = Release;
		};
		CC3299272AB0C66A00B13A6C /* Debug */ = {
			isa = XCBuildConfiguration;
			buildSettings = {
				ALWAYS_EMBED_SWIFT_STANDARD_LIBRARIES = YES;
				ASSETCATALOG_COMPILER_APPICON_NAME = AppIcon;
				ASSETCATALOG_COMPILER_GLOBAL_ACCENT_COLOR_NAME = AccentColor;
				CODE_SIGN_ENTITLEMENTS = Motivator/Motivator.entitlements;
				CODE_SIGN_IDENTITY = "Apple Development";
				CODE_SIGN_STYLE = Automatic;
				CURRENT_PROJECT_VERSION = 1;
				DEVELOPMENT_ASSET_PATHS = "\"Motivator/Preview Content\"";
				DEVELOPMENT_TEAM = J2ZYT8H56Z;
				ENABLE_PREVIEWS = YES;
				GENERATE_INFOPLIST_FILE = YES;
				INFOPLIST_KEY_UIApplicationSceneManifest_Generation = YES;
				INFOPLIST_KEY_UIApplicationSupportsIndirectInputEvents = YES;
				INFOPLIST_KEY_UILaunchScreen_Generation = YES;
				INFOPLIST_KEY_UISupportedInterfaceOrientations_iPad = "UIInterfaceOrientationPortrait UIInterfaceOrientationPortraitUpsideDown UIInterfaceOrientationLandscapeLeft UIInterfaceOrientationLandscapeRight";
				INFOPLIST_KEY_UISupportedInterfaceOrientations_iPhone = "UIInterfaceOrientationPortrait UIInterfaceOrientationLandscapeLeft UIInterfaceOrientationLandscapeRight";
				IPHONEOS_DEPLOYMENT_TARGET = 16.4;
				LD_RUNPATH_SEARCH_PATHS = (
					"$(inherited)",
					"@executable_path/Frameworks",
				);
				MARKETING_VERSION = 1.0;
				PRODUCT_BUNDLE_IDENTIFIER = Nada.Ashraf.Motivator;
				PRODUCT_NAME = "$(TARGET_NAME)";
				PROVISIONING_PROFILE_SPECIFIER = "";
				SWIFT_EMIT_LOC_STRINGS = YES;
				SWIFT_VERSION = 5.0;
				TARGETED_DEVICE_FAMILY = "1,2";
			};
			name = Debug;
		};
		CC3299282AB0C66A00B13A6C /* Release */ = {
			isa = XCBuildConfiguration;
			buildSettings = {
				ALWAYS_EMBED_SWIFT_STANDARD_LIBRARIES = YES;
				ASSETCATALOG_COMPILER_APPICON_NAME = AppIcon;
				ASSETCATALOG_COMPILER_GLOBAL_ACCENT_COLOR_NAME = AccentColor;
				CODE_SIGN_ENTITLEMENTS = Motivator/Motivator.entitlements;
				CODE_SIGN_IDENTITY = "Apple Development";
				CODE_SIGN_STYLE = Automatic;
				CURRENT_PROJECT_VERSION = 1;
				DEVELOPMENT_ASSET_PATHS = "\"Motivator/Preview Content\"";
				DEVELOPMENT_TEAM = J2ZYT8H56Z;
				ENABLE_PREVIEWS = YES;
				GENERATE_INFOPLIST_FILE = YES;
				INFOPLIST_KEY_UIApplicationSceneManifest_Generation = YES;
				INFOPLIST_KEY_UIApplicationSupportsIndirectInputEvents = YES;
				INFOPLIST_KEY_UILaunchScreen_Generation = YES;
				INFOPLIST_KEY_UISupportedInterfaceOrientations_iPad = "UIInterfaceOrientationPortrait UIInterfaceOrientationPortraitUpsideDown UIInterfaceOrientationLandscapeLeft UIInterfaceOrientationLandscapeRight";
				INFOPLIST_KEY_UISupportedInterfaceOrientations_iPhone = "UIInterfaceOrientationPortrait UIInterfaceOrientationLandscapeLeft UIInterfaceOrientationLandscapeRight";
				IPHONEOS_DEPLOYMENT_TARGET = 16.4;
				LD_RUNPATH_SEARCH_PATHS = (
					"$(inherited)",
					"@executable_path/Frameworks",
				);
				MARKETING_VERSION = 1.0;
				PRODUCT_BUNDLE_IDENTIFIER = Nada.Ashraf.Motivator;
				PRODUCT_NAME = "$(TARGET_NAME)";
				PROVISIONING_PROFILE_SPECIFIER = "";
				SWIFT_EMIT_LOC_STRINGS = YES;
				SWIFT_VERSION = 5.0;
				TARGETED_DEVICE_FAMILY = "1,2";
			};
			name = Release;
		};
		CCD08D532AB8D3C700D3C940 /* Debug */ = {
			isa = XCBuildConfiguration;
			buildSettings = {
				ASSETCATALOG_COMPILER_GENERATE_SWIFT_ASSET_SYMBOL_EXTENSIONS = YES;
				ASSETCATALOG_COMPILER_GLOBAL_ACCENT_COLOR_NAME = AccentColor;
				ASSETCATALOG_COMPILER_WIDGET_BACKGROUND_COLOR_NAME = WidgetBackground;
				CODE_SIGN_ENTITLEMENTS = PushUpsWidgetExtension.entitlements;
				CODE_SIGN_IDENTITY = "Apple Development";
				CODE_SIGN_STYLE = Automatic;
				CURRENT_PROJECT_VERSION = 1;
				DEVELOPMENT_TEAM = J2ZYT8H56Z;
				ENABLE_USER_SCRIPT_SANDBOXING = YES;
				GCC_C_LANGUAGE_STANDARD = gnu17;
				GENERATE_INFOPLIST_FILE = YES;
				INFOPLIST_FILE = PushUpsWidget/Info.plist;
				INFOPLIST_KEY_CFBundleDisplayName = PushUpsWidget;
				INFOPLIST_KEY_NSHumanReadableCopyright = "";
				IPHONEOS_DEPLOYMENT_TARGET = 17.0;
				LD_RUNPATH_SEARCH_PATHS = (
					"$(inherited)",
					"@executable_path/Frameworks",
					"@executable_path/../../Frameworks",
				);
				LOCALIZATION_PREFERS_STRING_CATALOGS = YES;
				MARKETING_VERSION = 1.0;
				PRODUCT_BUNDLE_IDENTIFIER = Nada.Ashraf.Motivator.PushUpsWidget;
				PRODUCT_NAME = "$(TARGET_NAME)";
				PROVISIONING_PROFILE_SPECIFIER = "";
				SKIP_INSTALL = YES;
				SWIFT_ACTIVE_COMPILATION_CONDITIONS = "DEBUG $(inherited)";
				SWIFT_EMIT_LOC_STRINGS = YES;
				SWIFT_VERSION = 5.0;
				TARGETED_DEVICE_FAMILY = "1,2";
			};
			name = Debug;
		};
		CCD08D542AB8D3C700D3C940 /* Release */ = {
			isa = XCBuildConfiguration;
			buildSettings = {
				ASSETCATALOG_COMPILER_GENERATE_SWIFT_ASSET_SYMBOL_EXTENSIONS = YES;
				ASSETCATALOG_COMPILER_GLOBAL_ACCENT_COLOR_NAME = AccentColor;
				ASSETCATALOG_COMPILER_WIDGET_BACKGROUND_COLOR_NAME = WidgetBackground;
				CODE_SIGN_ENTITLEMENTS = PushUpsWidgetExtension.entitlements;
				CODE_SIGN_IDENTITY = "Apple Development";
				CODE_SIGN_STYLE = Automatic;
				CURRENT_PROJECT_VERSION = 1;
				DEVELOPMENT_TEAM = J2ZYT8H56Z;
				ENABLE_USER_SCRIPT_SANDBOXING = YES;
				GCC_C_LANGUAGE_STANDARD = gnu17;
				GENERATE_INFOPLIST_FILE = YES;
				INFOPLIST_FILE = PushUpsWidget/Info.plist;
				INFOPLIST_KEY_CFBundleDisplayName = PushUpsWidget;
				INFOPLIST_KEY_NSHumanReadableCopyright = "";
				IPHONEOS_DEPLOYMENT_TARGET = 17.0;
				LD_RUNPATH_SEARCH_PATHS = (
					"$(inherited)",
					"@executable_path/Frameworks",
					"@executable_path/../../Frameworks",
				);
				LOCALIZATION_PREFERS_STRING_CATALOGS = YES;
				MARKETING_VERSION = 1.0;
				PRODUCT_BUNDLE_IDENTIFIER = Nada.Ashraf.Motivator.PushUpsWidget;
				PRODUCT_NAME = "$(TARGET_NAME)";
				PROVISIONING_PROFILE_SPECIFIER = "";
				SKIP_INSTALL = YES;
				SWIFT_EMIT_LOC_STRINGS = YES;
				SWIFT_VERSION = 5.0;
				TARGETED_DEVICE_FAMILY = "1,2";
			};
			name = Release;
		};
/* End XCBuildConfiguration section */

/* Begin XCConfigurationList section */
		CC3299132AB0C66800B13A6C /* Build configuration list for PBXProject "Motivator" */ = {
			isa = XCConfigurationList;
			buildConfigurations = (
				CC3299242AB0C66A00B13A6C /* Debug */,
				CC3299252AB0C66A00B13A6C /* Release */,
			);
			defaultConfigurationIsVisible = 0;
			defaultConfigurationName = Release;
		};
		CC3299262AB0C66A00B13A6C /* Build configuration list for PBXNativeTarget "Motivator" */ = {
			isa = XCConfigurationList;
			buildConfigurations = (
				CC3299272AB0C66A00B13A6C /* Debug */,
				CC3299282AB0C66A00B13A6C /* Release */,
			);
			defaultConfigurationIsVisible = 0;
			defaultConfigurationName = Release;
		};
		CCD08D552AB8D3C700D3C940 /* Build configuration list for PBXNativeTarget "PushUpsWidgetExtension" */ = {
			isa = XCConfigurationList;
			buildConfigurations = (
				CCD08D532AB8D3C700D3C940 /* Debug */,
				CCD08D542AB8D3C700D3C940 /* Release */,
			);
			defaultConfigurationIsVisible = 0;
			defaultConfigurationName = Release;
		};
/* End XCConfigurationList section */
	};
	rootObject = CC3299102AB0C66800B13A6C /* Project object */;
}
